
Microsoft Visual Studio Solution File, Format Version 12.00
# Visual Studio Version 17
VisualStudioVersion = 17.5.33414.496
MinimumVisualStudioVersion = 10.0.40219.1
Project("{FAE04EC0-301F-11D3-BF4B-00C04F79EFBC}") = "Aula1304", "Aula1304\Aula1304.csproj", "{D5EA1BD6-E715-4FEB-A81D-180E05C462D9}"
EndProject
Global
	GlobalSection(SolutionConfigurationPlatforms) = preSolution
		Debug|Any CPU = Debug|Any CPU
		Release|Any CPU = Release|Any CPU
	EndGlobalSection
	GlobalSection(ProjectConfigurationPlatforms) = postSolution
		{D5EA1BD6-E715-4FEB-A81D-180E05C462D9}.Debug|Any CPU.ActiveCfg = Debug|Any CPU
		{D5EA1BD6-E715-4FEB-A81D-180E05C462D9}.Debug|Any CPU.Build.0 = Debug|Any CPU
		{D5EA1BD6-E715-4FEB-A81D-180E05C462D9}.Release|Any CPU.ActiveCfg = Release|Any CPU
		{D5EA1BD6-E715-4FEB-A81D-180E05C462D9}.Release|Any CPU.Build.0 = Release|Any CPU
	EndGlobalSection
	GlobalSection(SolutionProperties) = preSolution
		HideSolutionNode = FALSE
	EndGlobalSection
	GlobalSection(ExtensibilityGlobals) = postSolution
		SolutionGuid = {4317ECA1-7B2B-4D83-819A-1AB3F6BA80BE}
	EndGlobalSection
EndGlobal
